
Microsoft Visual Studio Solution File, Format Version 12.00
# Visual Studio Version 17
VisualStudioVersion = 17.1.32421.90
MinimumVisualStudioVersion = 10.0.40219.1
Project("{FAE04EC0-301F-11D3-BF4B-00C04F79EFBC}") = "Němec_Test_DB_20220503", "Němec_Test_DB_20220503\Němec_Test_DB_20220503.csproj", "{81632926-4790-4458-B855-CBD96AEF1712}"
EndProject
Global
	GlobalSection(SolutionConfigurationPlatforms) = preSolution
		Debug|Any CPU = Debug|Any CPU
		Release|Any CPU = Release|Any CPU
	EndGlobalSection
	GlobalSection(ProjectConfigurationPlatforms) = postSolution
		{81632926-4790-4458-B855-CBD96AEF1712}.Debug|Any CPU.ActiveCfg = Debug|Any CPU
		{81632926-4790-4458-B855-CBD96AEF1712}.Debug|Any CPU.Build.0 = Debug|Any CPU
		{81632926-4790-4458-B855-CBD96AEF1712}.Release|Any CPU.ActiveCfg = Release|Any CPU
		{81632926-4790-4458-B855-CBD96AEF1712}.Release|Any CPU.Build.0 = Release|Any CPU
	EndGlobalSection
	GlobalSection(SolutionProperties) = preSolution
		HideSolutionNode = FALSE
	EndGlobalSection
	GlobalSection(ExtensibilityGlobals) = postSolution
		SolutionGuid = {70BD80CC-C9C0-4E6B-840E-A3FE97CC613F}
	EndGlobalSection
EndGlobal
